
Microsoft Visual Studio Solution File, Format Version 12.00
# Visual Studio Version 16
VisualStudioVersion = 16.0.35130.168
MinimumVisualStudioVersion = 10.0.40219.1
Project("{9A19103F-16F7-4668-BE54-9A1E7A4F7556}") = "FiskalnaKasaAPI", "FiskalnaKasaAPI\FiskalnaKasaAPI.csproj", "{44628980-313F-496F-A4AC-6B5AE0F558D6}"
EndProject
Project("{9A19103F-16F7-4668-BE54-9A1E7A4F7556}") = "FiskalnaKasaForma", "FiskalnaKasaForma\FiskalnaKasaForma.csproj", "{6BAE2825-1EF1-4010-82A1-BA2BD144300F}"
EndProject
Project("{FAE04EC0-301F-11D3-BF4B-00C04F79EFBC}") = "FiskalnaKasaInterfejs", "WindowsFormsApp1\FiskalnaKasaInterfejs.csproj", "{703CD7C2-FBB2-4391-BEFD-1CFFFC221096}"
EndProject
Global
	GlobalSection(SolutionConfigurationPlatforms) = preSolution
		Debug|Any CPU = Debug|Any CPU
		Release|Any CPU = Release|Any CPU
	EndGlobalSection
	GlobalSection(ProjectConfigurationPlatforms) = postSolution
		{44628980-313F-496F-A4AC-6B5AE0F558D6}.Debug|Any CPU.ActiveCfg = Debug|Any CPU
		{44628980-313F-496F-A4AC-6B5AE0F558D6}.Debug|Any CPU.Build.0 = Debug|Any CPU
		{44628980-313F-496F-A4AC-6B5AE0F558D6}.Release|Any CPU.ActiveCfg = Release|Any CPU
		{44628980-313F-496F-A4AC-6B5AE0F558D6}.Release|Any CPU.Build.0 = Release|Any CPU
		{6BAE2825-1EF1-4010-82A1-BA2BD144300F}.Debug|Any CPU.ActiveCfg = Debug|Any CPU
		{6BAE2825-1EF1-4010-82A1-BA2BD144300F}.Debug|Any CPU.Build.0 = Debug|Any CPU
		{6BAE2825-1EF1-4010-82A1-BA2BD144300F}.Release|Any CPU.ActiveCfg = Release|Any CPU
		{6BAE2825-1EF1-4010-82A1-BA2BD144300F}.Release|Any CPU.Build.0 = Release|Any CPU
		{703CD7C2-FBB2-4391-BEFD-1CFFFC221096}.Debug|Any CPU.ActiveCfg = Debug|Any CPU
		{703CD7C2-FBB2-4391-BEFD-1CFFFC221096}.Debug|Any CPU.Build.0 = Debug|Any CPU
		{703CD7C2-FBB2-4391-BEFD-1CFFFC221096}.Release|Any CPU.ActiveCfg = Release|Any CPU
		{703CD7C2-FBB2-4391-BEFD-1CFFFC221096}.Release|Any CPU.Build.0 = Release|Any CPU
	EndGlobalSection
	GlobalSection(SolutionProperties) = preSolution
		HideSolutionNode = FALSE
	EndGlobalSection
	GlobalSection(ExtensibilityGlobals) = postSolution
		SolutionGuid = {EAD478E7-9B03-4D3F-BAE8-3E3062B439CC}
	EndGlobalSection
EndGlobal
